// !$*UTF8*$!
{
	archiveVersion = 1;
	classes = {
	};
	objectVersion = 50;
	objects = {

/* Begin PBXBuildFile section */
		CFCA716522EC5F1200D5F143 /* AppDelegate.swift in Sources */ = {isa = PBXBuildFile; fileRef = CFCA716422EC5F1200D5F143 /* AppDelegate.swift */; };
		CFCA716722EC5F2000D5F143 /* Assets.xcassets in Resources */ = {isa = PBXBuildFile; fileRef = CFCA716622EC5F2000D5F143 /* Assets.xcassets */; };
		CFCA716A22EC5F2000D5F143 /* MainMenu.xib in Resources */ = {isa = PBXBuildFile; fileRef = CFCA716822EC5F2000D5F143 /* MainMenu.xib */; };
		CFFF120B22EC84B9002C351D /* netbeans.icns in Resources */ = {isa = PBXBuildFile; fileRef = CFFF120A22EC84B9002C351D /* netbeans.icns */; };
/* End PBXBuildFile section */

/* Begin PBXFileReference section */
		CFCA716122EC5F1200D5F143 /* Apache NetBeans Starter.app */ = {isa = PBXFileReference; explicitFileType = wrapper.application; includeInIndex = 0; path = "Apache NetBeans Starter.app"; sourceTree = BUILT_PRODUCTS_DIR; };
		CFCA716422EC5F1200D5F143 /* AppDelegate.swift */ = {isa = PBXFileReference; lastKnownFileType = sourcecode.swift; path = AppDelegate.swift; sourceTree = "<group>"; };
		CFCA716622EC5F2000D5F143 /* Assets.xcassets */ = {isa = PBXFileReference; lastKnownFileType = folder.assetcatalog; path = Assets.xcassets; sourceTree = "<group>"; };
		CFCA716922EC5F2000D5F143 /* Base */ = {isa = PBXFileReference; lastKnownFileType = file.xib; name = Base; path = Base.lproj/MainMenu.xib; sourceTree = "<group>"; };
		CFCA716B22EC5F2000D5F143 /* Info.plist */ = {isa = PBXFileReference; lastKnownFileType = text.plist.xml; path = Info.plist; sourceTree = "<group>"; };
		CFCA716C22EC5F2000D5F143 /* Apache_NetBeans_Starter.entitlements */ = {isa = PBXFileReference; lastKnownFileType = text.plist.entitlements; path = Apache_NetBeans_Starter.entitlements; sourceTree = "<group>"; };
		CFFF120A22EC84B9002C351D /* netbeans.icns */ = {isa = PBXFileReference; lastKnownFileType = image.icns; path = netbeans.icns; sourceTree = "<group>"; };
/* End PBXFileReference section */

/* Begin PBXFrameworksBuildPhase section */
		CFCA715E22EC5F1200D5F143 /* Frameworks */ = {
			isa = PBXFrameworksBuildPhase;
			buildActionMask = 2147483647;
			files = (
			);
			runOnlyForDeploymentPostprocessing = 0;
		};
/* End PBXFrameworksBuildPhase section */

/* Begin PBXGroup section */
		CFCA715822EC5F1200D5F143 = {
			isa = PBXGroup;
			children = (
				CFCA716322EC5F1200D5F143 /* Apache NetBeans Starter */,
				CFCA716222EC5F1200D5F143 /* Products */,
			);
			sourceTree = "<group>";
		};
		CFCA716222EC5F1200D5F143 /* Products */ = {
			isa = PBXGroup;
			children = (
				CFCA716122EC5F1200D5F143 /* Apache NetBeans Starter.app */,
			);
			name = Products;
			sourceTree = "<group>";
		};
		CFCA716322EC5F1200D5F143 /* Apache NetBeans Starter */ = {
			isa = PBXGroup;
			children = (
				CFCA716422EC5F1200D5F143 /* AppDelegate.swift */,
				CFCA716622EC5F2000D5F143 /* Assets.xcassets */,
				CFCA716822EC5F2000D5F143 /* MainMenu.xib */,
				CFFF120A22EC84B9002C351D /* netbeans.icns */,
				CFCA716B22EC5F2000D5F143 /* Info.plist */,
				CFCA716C22EC5F2000D5F143 /* Apache_NetBeans_Starter.entitlements */,
			);
			path = "Apache NetBeans Starter";
			sourceTree = "<group>";
		};
/* End PBXGroup section */

/* Begin PBXNativeTarget section */
		CFCA716022EC5F1200D5F143 /* Apache NetBeans Starter */ = {
			isa = PBXNativeTarget;
			buildConfigurationList = CFCA716F22EC5F2000D5F143 /* Build configuration list for PBXNativeTarget "Apache NetBeans Starter" */;
			buildPhases = (
				CFCA715D22EC5F1200D5F143 /* Sources */,
				CFCA715E22EC5F1200D5F143 /* Frameworks */,
				CFCA715F22EC5F1200D5F143 /* Resources */,
			);
			buildRules = (
			);
			dependencies = (
			);
			name = "Apache NetBeans Starter";
			productName = "Apache NetBeans Starter";
			productReference = CFCA716122EC5F1200D5F143 /* Apache NetBeans Starter.app */;
			productType = "com.apple.product-type.application";
		};
/* End PBXNativeTarget section */

/* Begin PBXProject section */
		CFCA715922EC5F1200D5F143 /* Project object */ = {
			isa = PBXProject;
			attributes = {
				LastSwiftUpdateCheck = 1000;
				LastUpgradeCheck = 1000;
				ORGANIZATIONNAME = "ACC-Assist Kft.";
				TargetAttributes = {
					CFCA716022EC5F1200D5F143 = {
						CreatedOnToolsVersion = 10.0;
					};
				};
			};
			buildConfigurationList = CFCA715C22EC5F1200D5F143 /* Build configuration list for PBXProject "Apache NetBeans Starter" */;
			compatibilityVersion = "Xcode 9.3";
			developmentRegion = en;
			hasScannedForEncodings = 0;
			knownRegions = (
				en,
				Base,
			);
			mainGroup = CFCA715822EC5F1200D5F143;
			productRefGroup = CFCA716222EC5F1200D5F143 /* Products */;
			projectDirPath = "";
			projectRoot = "";
			targets = (
				CFCA716022EC5F1200D5F143 /* Apache NetBeans Starter */,
			);
		};
/* End PBXProject section */

/* Begin PBXResourcesBuildPhase section */
		CFCA715F22EC5F1200D5F143 /* Resources */ = {
			isa = PBXResourcesBuildPhase;
			buildActionMask = 2147483647;
			files = (
				CFFF120B22EC84B9002C351D /* netbeans.icns in Resources */,
				CFCA716722EC5F2000D5F143 /* Assets.xcassets in Resources */,
				CFCA716A22EC5F2000D5F143 /* MainMenu.xib in Resources */,
			);
			runOnlyForDeploymentPostprocessing = 0;
		};
/* End PBXResourcesBuildPhase section */

/* Begin PBXSourcesBuildPhase section */
		CFCA715D22EC5F1200D5F143 /* Sources */ = {
			isa = PBXSourcesBuildPhase;
			buildActionMask = 2147483647;
			files = (
				CFCA716522EC5F1200D5F143 /* AppDelegate.swift in Sources */,
			);
			runOnlyForDeploymentPostprocessing = 0;
		};
/* End PBXSourcesBuildPhase section */

/* Begin PBXVariantGroup section */
		CFCA716822EC5F2000D5F143 /* MainMenu.xib */ = {
			isa = PBXVariantGroup;
			children = (
				CFCA716922EC5F2000D5F143 /* Base */,
			);
			name = MainMenu.xib;
			sourceTree = "<group>";
		};
/* End PBXVariantGroup section */

/* Begin XCBuildConfiguration section */
		CFCA716D22EC5F2000D5F143 /* Debug */ = {
			isa = XCBuildConfiguration;
			buildSettings = {
				ALWAYS_SEARCH_USER_PATHS = NO;
				CLANG_ANALYZER_NONNULL = YES;
				CLANG_ANALYZER_NUMBER_OBJECT_CONVERSION = YES_AGGRESSIVE;
				CLANG_CXX_LANGUAGE_STANDARD = "gnu++14";
				CLANG_CXX_LIBRARY = "libc++";
				CLANG_ENABLE_MODULES = YES;
				CLANG_ENABLE_OBJC_ARC = YES;
				CLANG_ENABLE_OBJC_WEAK = YES;
				CLANG_WARN_BLOCK_CAPTURE_AUTORELEASING = YES;
				CLANG_WARN_BOOL_CONVERSION = YES;
				CLANG_WARN_COMMA = YES;
				CLANG_WARN_CONSTANT_CONVERSION = YES;
				CLANG_WARN_DEPRECATED_OBJC_IMPLEMENTATIONS = YES;
				CLANG_WARN_DIRECT_OBJC_ISA_USAGE = YES_ERROR;
				CLANG_WARN_DOCUMENTATION_COMMENTS = YES;
				CLANG_WARN_EMPTY_BODY = YES;
				CLANG_WARN_ENUM_CONVERSION = YES;
				CLANG_WARN_INFINITE_RECURSION = YES;
				CLANG_WARN_INT_CONVERSION = YES;
				CLANG_WARN_NON_LITERAL_NULL_CONVERSION = YES;
				CLANG_WARN_OBJC_IMPLICIT_RETAIN_SELF = YES;
				CLANG_WARN_OBJC_LITERAL_CONVERSION = YES;
				CLANG_WARN_OBJC_ROOT_CLASS = YES_ERROR;
				CLANG_WARN_RANGE_LOOP_ANALYSIS = YES;
				CLANG_WARN_STRICT_PROTOTYPES = YES;
				CLANG_WARN_SUSPICIOUS_MOVE = YES;
				CLANG_WARN_UNGUARDED_AVAILABILITY = YES_AGGRESSIVE;
				CLANG_WARN_UNREACHABLE_CODE = YES;
				CLANG_WARN__DUPLICATE_METHOD_MATCH = YES;
				CODE_SIGN_IDENTITY = "-";
				COPY_PHASE_STRIP = NO;
				DEBUG_INFORMATION_FORMAT = dwarf;
				ENABLE_STRICT_OBJC_MSGSEND = YES;
				ENABLE_TESTABILITY = YES;
				GCC_C_LANGUAGE_STANDARD = gnu11;
				GCC_DYNAMIC_NO_PIC = NO;
				GCC_NO_COMMON_BLOCKS = YES;
				GCC_OPTIMIZATION_LEVEL = 0;
				GCC_PREPROCESSOR_DEFINITIONS = (
					"DEBUG=1",
					"$(inherited)",
				);
				GCC_WARN_64_TO_32_BIT_CONVERSION = YES;
				GCC_WARN_ABOUT_RETURN_TYPE = YES_ERROR;
				GCC_WARN_UNDECLARED_SELECTOR = YES;
				GCC_WARN_UNINITIALIZED_AUTOS = YES_AGGRESSIVE;
				GCC_WARN_UNUSED_FUNCTION = YES;
				GCC_WARN_UNUSED_VARIABLE = YES;
				MACOSX_DEPLOYMENT_TARGET = 10.14;
				MTL_ENABLE_DEBUG_INFO = INCLUDE_SOURCE;
				MTL_FAST_MATH = YES;
				ONLY_ACTIVE_ARCH = YES;
				SDKROOT = macosx;
				SWIFT_ACTIVE_COMPILATION_CONDITIONS = DEBUG;
				SWIFT_OPTIMIZATION_LEVEL = "-Onone";
			};
			name = Debug;
		};
		CFCA716E22EC5F2000D5F143 /* Release */ = {
			isa = XCBuildConfiguration;
			buildSettings = {
				ALWAYS_SEARCH_USER_PATHS = NO;
				CLANG_ANALYZER_NONNULL = YES;
				CLANG_ANALYZER_NUMBER_OBJECT_CONVERSION = YES_AGGRESSIVE;
				CLANG_CXX_LANGUAGE_STANDARD = "gnu++14";
				CLANG_CXX_LIBRARY = "libc++";
				CLANG_ENABLE_MODULES = YES;
				CLANG_ENABLE_OBJC_ARC = YES;
				CLANG_ENABLE_OBJC_WEAK = YES;
				CLANG_WARN_BLOCK_CAPTURE_AUTORELEASING = YES;
				CLANG_WARN_BOOL_CONVERSION = YES;
				CLANG_WARN_COMMA = YES;
				CLANG_WARN_CONSTANT_CONVERSION = YES;
				CLANG_WARN_DEPRECATED_OBJC_IMPLEMENTATIONS = YES;
				CLANG_WARN_DIRECT_OBJC_ISA_USAGE = YES_ERROR;
				CLANG_WARN_DOCUMENTATION_COMMENTS = YES;
				CLANG_WARN_EMPTY_BODY = YES;
				CLANG_WARN_ENUM_CONVERSION = YES;
				CLANG_WARN_INFINITE_RECURSION = YES;
				CLANG_WARN_INT_CONVERSION = YES;
				CLANG_WARN_NON_LITERAL_NULL_CONVERSION = YES;
				CLANG_WARN_OBJC_IMPLICIT_RETAIN_SELF = YES;
				CLANG_WARN_OBJC_LITERAL_CONVERSION = YES;
				CLANG_WARN_OBJC_ROOT_CLASS = YES_ERROR;
				CLANG_WARN_RANGE_LOOP_ANALYSIS = YES;
				CLANG_WARN_STRICT_PROTOTYPES = YES;
				CLANG_WARN_SUSPICIOUS_MOVE = YES;
				CLANG_WARN_UNGUARDED_AVAILABILITY = YES_AGGRESSIVE;
				CLANG_WARN_UNREACHABLE_CODE = YES;
				CLANG_WARN__DUPLICATE_METHOD_MATCH = YES;
				CODE_SIGN_IDENTITY = "-";
				COPY_PHASE_STRIP = NO;
				DEBUG_INFORMATION_FORMAT = "dwarf-with-dsym";
				ENABLE_NS_ASSERTIONS = NO;
				ENABLE_STRICT_OBJC_MSGSEND = YES;
				GCC_C_LANGUAGE_STANDARD = gnu11;
				GCC_NO_COMMON_BLOCKS = YES;
				GCC_WARN_64_TO_32_BIT_CONVERSION = YES;
				GCC_WARN_ABOUT_RETURN_TYPE = YES_ERROR;
				GCC_WARN_UNDECLARED_SELECTOR = YES;
				GCC_WARN_UNINITIALIZED_AUTOS = YES_AGGRESSIVE;
				GCC_WARN_UNUSED_FUNCTION = YES;
				GCC_WARN_UNUSED_VARIABLE = YES;
				MACOSX_DEPLOYMENT_TARGET = 10.14;
				MTL_ENABLE_DEBUG_INFO = NO;
				MTL_FAST_MATH = YES;
				SDKROOT = macosx;
				SWIFT_COMPILATION_MODE = wholemodule;
				SWIFT_OPTIMIZATION_LEVEL = "-O";
			};
			name = Release;
		};
		CFCA717022EC5F2000D5F143 /* Debug */ = {
			isa = XCBuildConfiguration;
			buildSettings = {
				ASSETCATALOG_COMPILER_APPICON_NAME = AppIcon;
				CODE_SIGN_ENTITLEMENTS = "Apache NetBeans Starter/Apache_NetBeans_Starter.entitlements";
				CODE_SIGN_STYLE = Automatic;
				COMBINE_HIDPI_IMAGES = YES;
				INFOPLIST_FILE = "Apache NetBeans Starter/Info.plist";
				LD_RUNPATH_SEARCH_PATHS = (
					"$(inherited)",
					"@executable_path/../Frameworks",
				);
				PRODUCT_BUNDLE_IDENTIFIER = "hu.accassist.Apache-NetBeans-Starter";
				PRODUCT_NAME = "$(TARGET_NAME)";
				SWIFT_VERSION = 4.2;
			};
			name = Debug;
		};
		CFCA717122EC5F2000D5F143 /* Release */ = {
			isa = XCBuildConfiguration;
			buildSettings = {
				ASSETCATALOG_COMPILER_APPICON_NAME = AppIcon;
				CODE_SIGN_ENTITLEMENTS = "Apache NetBeans Starter/Apache_NetBeans_Starter.entitlements";
				CODE_SIGN_STYLE = Automatic;
				COMBINE_HIDPI_IMAGES = YES;
				INFOPLIST_FILE = "Apache NetBeans Starter/Info.plist";
				LD_RUNPATH_SEARCH_PATHS = (
					"$(inherited)",
					"@executable_path/../Frameworks",
				);
				PRODUCT_BUNDLE_IDENTIFIER = "hu.accassist.Apache-NetBeans-Starter";
				PRODUCT_NAME = "$(TARGET_NAME)";
				SWIFT_VERSION = 4.2;
			};
			name = Release;
		};
/* End XCBuildConfiguration section */

/* Begin XCConfigurationList section */
		CFCA715C22EC5F1200D5F143 /* Build configuration list for PBXProject "Apache NetBeans Starter" */ = {
			isa = XCConfigurationList;
			buildConfigurations = (
				CFCA716D22EC5F2000D5F143 /* Debug */,
				CFCA716E22EC5F2000D5F143 /* Release */,
			);
			defaultConfigurationIsVisible = 0;
			defaultConfigurationName = Release;
		};
		CFCA716F22EC5F2000D5F143 /* Build configuration list for PBXNativeTarget "Apache NetBeans Starter" */ = {
			isa = XCConfigurationList;
			buildConfigurations = (
				CFCA717022EC5F2000D5F143 /* Debug */,
				CFCA717122EC5F2000D5F143 /* Release */,
			);
			defaultConfigurationIsVisible = 0;
			defaultConfigurationName = Release;
		};
/* End XCConfigurationList section */
	};
	rootObject = CFCA715922EC5F1200D5F143 /* Project object */;
}
